
Microsoft Visual Studio Solution File, Format Version 12.00
# Visual Studio Version 18
VisualStudioVersion = 18.0.11222.15
MinimumVisualStudioVersion = 10.0.40219.1
Project("{2150E333-8FDC-42A3-9474-1A3956D46DE8}") = "Core", "Core", "{02EA681E-C7D8-13C7-8484-4AC65E1B71E8}"
EndProject
Project("{2150E333-8FDC-42A3-9474-1A3956D46DE8}") = "MailVest", "MailVest", "{1FC7426E-E9F4-4300-AA6D-9C80309E9712}"
EndProject
Project("{FAE04EC0-301F-11D3-BF4B-00C04F79EFBC}") = "MailVest.Back", "MailVest\MailVest.Back.csproj", "{CD951FE1-6B34-3FAE-6DC8-C7E25ADB5BB9}"
EndProject
Project("{FAE04EC0-301F-11D3-BF4B-00C04F79EFBC}") = "MailVest.Aplicacion", "MailVest.Aplicacion\MailVest.Aplicacion.csproj", "{876311F6-4F01-4ED8-77F9-DCF08454D5EC}"
EndProject
Project("{FAE04EC0-301F-11D3-BF4B-00C04F79EFBC}") = "MailVest.Entidades", "MailVest.Entidades\MailVest.Entidades.csproj", "{83135B45-9E7B-2FD4-EA27-C0CCDB369745}"
EndProject
Project("{FAE04EC0-301F-11D3-BF4B-00C04F79EFBC}") = "MailVest.Datos", "MailVest.Datos\MailVest.Datos.csproj", "{A21F2678-3FC7-6D56-E9FB-82E834544DC6}"
EndProject
Project("{FAE04EC0-301F-11D3-BF4B-00C04F79EFBC}") = "MailVest .Core.UoW", "MailVest.Core.UoW\MailVest .Core.UoW.csproj", "{981A281F-4ACF-F791-B66F-9B3D93FE32A5}"
EndProject
Project("{FAE04EC0-301F-11D3-BF4B-00C04F79EFBC}") = "MailVest.Core", "MailVest.Core\MailVest.Core.csproj", "{43471CF3-8388-9226-B107-8F2B5AA5074A}"
EndProject
Project("{FAE04EC0-301F-11D3-BF4B-00C04F79EFBC}") = "MailVest.Comun", "Mantis.Comun\MailVest.Comun.csproj", "{0DF96B80-6859-410C-804A-86B0A6B6C09C}"
EndProject
Project("{FAE04EC0-301F-11D3-BF4B-00C04F79EFBC}") = "MailVest.Encrypt", "MailVest.Encrypt\MailVest.Encrypt.csproj", "{E1A2E760-64AA-4840-B3D6-692C6E518A02}"
EndProject
Project("{2150E333-8FDC-42A3-9474-1A3956D46DE8}") = "EncryptForm", "EncryptForm", "{86889585-DBD5-45B7-B55C-82DA9074D728}"
EndProject
Project("{FAE04EC0-301F-11D3-BF4B-00C04F79EFBC}") = "MailVest.LogTool.Gui", "MailVest.LogTool.Gui\MailVest.LogTool.Gui.csproj", "{D259A8EE-A971-4551-8AC6-144D76F97E41}"
EndProject
Project("{FAE04EC0-301F-11D3-BF4B-00C04F79EFBC}") = "MailVest.RealTime", "MailVest.RealTime\MailVest.RealTime.csproj", "{BB9875E4-6BE0-46F8-9882-971C3CFAF42B}"
EndProject
Global
	GlobalSection(SolutionConfigurationPlatforms) = preSolution
		Debug|Any CPU = Debug|Any CPU
		Release|Any CPU = Release|Any CPU
	EndGlobalSection
	GlobalSection(ProjectConfigurationPlatforms) = postSolution
		{CD951FE1-6B34-3FAE-6DC8-C7E25ADB5BB9}.Debug|Any CPU.ActiveCfg = Debug|Any CPU
		{CD951FE1-6B34-3FAE-6DC8-C7E25ADB5BB9}.Debug|Any CPU.Build.0 = Debug|Any CPU
		{CD951FE1-6B34-3FAE-6DC8-C7E25ADB5BB9}.Release|Any CPU.ActiveCfg = Release|Any CPU
		{CD951FE1-6B34-3FAE-6DC8-C7E25ADB5BB9}.Release|Any CPU.Build.0 = Release|Any CPU
		{876311F6-4F01-4ED8-77F9-DCF08454D5EC}.Debug|Any CPU.ActiveCfg = Debug|Any CPU
		{876311F6-4F01-4ED8-77F9-DCF08454D5EC}.Debug|Any CPU.Build.0 = Debug|Any CPU
		{876311F6-4F01-4ED8-77F9-DCF08454D5EC}.Release|Any CPU.ActiveCfg = Release|Any CPU
		{876311F6-4F01-4ED8-77F9-DCF08454D5EC}.Release|Any CPU.Build.0 = Release|Any CPU
		{83135B45-9E7B-2FD4-EA27-C0CCDB369745}.Debug|Any CPU.ActiveCfg = Debug|Any CPU
		{83135B45-9E7B-2FD4-EA27-C0CCDB369745}.Debug|Any CPU.Build.0 = Debug|Any CPU
		{83135B45-9E7B-2FD4-EA27-C0CCDB369745}.Release|Any CPU.ActiveCfg = Release|Any CPU
		{83135B45-9E7B-2FD4-EA27-C0CCDB369745}.Release|Any CPU.Build.0 = Release|Any CPU
		{A21F2678-3FC7-6D56-E9FB-82E834544DC6}.Debug|Any CPU.ActiveCfg = Debug|Any CPU
		{A21F2678-3FC7-6D56-E9FB-82E834544DC6}.Debug|Any CPU.Build.0 = Debug|Any CPU
		{A21F2678-3FC7-6D56-E9FB-82E834544DC6}.Release|Any CPU.ActiveCfg = Release|Any CPU
		{A21F2678-3FC7-6D56-E9FB-82E834544DC6}.Release|Any CPU.Build.0 = Release|Any CPU
		{981A281F-4ACF-F791-B66F-9B3D93FE32A5}.Debug|Any CPU.ActiveCfg = Debug|Any CPU
		{981A281F-4ACF-F791-B66F-9B3D93FE32A5}.Debug|Any CPU.Build.0 = Debug|Any CPU
		{981A281F-4ACF-F791-B66F-9B3D93FE32A5}.Release|Any CPU.ActiveCfg = Release|Any CPU
		{981A281F-4ACF-F791-B66F-9B3D93FE32A5}.Release|Any CPU.Build.0 = Release|Any CPU
		{43471CF3-8388-9226-B107-8F2B5AA5074A}.Debug|Any CPU.ActiveCfg = Debug|Any CPU
		{43471CF3-8388-9226-B107-8F2B5AA5074A}.Debug|Any CPU.Build.0 = Debug|Any CPU
		{43471CF3-8388-9226-B107-8F2B5AA5074A}.Release|Any CPU.ActiveCfg = Release|Any CPU
		{43471CF3-8388-9226-B107-8F2B5AA5074A}.Release|Any CPU.Build.0 = Release|Any CPU
		{0DF96B80-6859-410C-804A-86B0A6B6C09C}.Debug|Any CPU.ActiveCfg = Debug|Any CPU
		{0DF96B80-6859-410C-804A-86B0A6B6C09C}.Debug|Any CPU.Build.0 = Debug|Any CPU
		{0DF96B80-6859-410C-804A-86B0A6B6C09C}.Release|Any CPU.ActiveCfg = Release|Any CPU
		{0DF96B80-6859-410C-804A-86B0A6B6C09C}.Release|Any CPU.Build.0 = Release|Any CPU
		{E1A2E760-64AA-4840-B3D6-692C6E518A02}.Debug|Any CPU.ActiveCfg = Debug|Any CPU
		{E1A2E760-64AA-4840-B3D6-692C6E518A02}.Debug|Any CPU.Build.0 = Debug|Any CPU
		{E1A2E760-64AA-4840-B3D6-692C6E518A02}.Release|Any CPU.ActiveCfg = Release|Any CPU
		{E1A2E760-64AA-4840-B3D6-692C6E518A02}.Release|Any CPU.Build.0 = Release|Any CPU
		{D259A8EE-A971-4551-8AC6-144D76F97E41}.Debug|Any CPU.ActiveCfg = Debug|Any CPU
		{D259A8EE-A971-4551-8AC6-144D76F97E41}.Debug|Any CPU.Build.0 = Debug|Any CPU
		{D259A8EE-A971-4551-8AC6-144D76F97E41}.Release|Any CPU.ActiveCfg = Release|Any CPU
		{D259A8EE-A971-4551-8AC6-144D76F97E41}.Release|Any CPU.Build.0 = Release|Any CPU
		{BB9875E4-6BE0-46F8-9882-971C3CFAF42B}.Debug|Any CPU.ActiveCfg = Debug|Any CPU
		{BB9875E4-6BE0-46F8-9882-971C3CFAF42B}.Debug|Any CPU.Build.0 = Debug|Any CPU
		{BB9875E4-6BE0-46F8-9882-971C3CFAF42B}.Release|Any CPU.ActiveCfg = Release|Any CPU
		{BB9875E4-6BE0-46F8-9882-971C3CFAF42B}.Release|Any CPU.Build.0 = Release|Any CPU
	EndGlobalSection
	GlobalSection(SolutionProperties) = preSolution
		HideSolutionNode = FALSE
	EndGlobalSection
	GlobalSection(NestedProjects) = preSolution
		{CD951FE1-6B34-3FAE-6DC8-C7E25ADB5BB9} = {1FC7426E-E9F4-4300-AA6D-9C80309E9712}
		{876311F6-4F01-4ED8-77F9-DCF08454D5EC} = {1FC7426E-E9F4-4300-AA6D-9C80309E9712}
		{83135B45-9E7B-2FD4-EA27-C0CCDB369745} = {1FC7426E-E9F4-4300-AA6D-9C80309E9712}
		{A21F2678-3FC7-6D56-E9FB-82E834544DC6} = {1FC7426E-E9F4-4300-AA6D-9C80309E9712}
		{981A281F-4ACF-F791-B66F-9B3D93FE32A5} = {02EA681E-C7D8-13C7-8484-4AC65E1B71E8}
		{43471CF3-8388-9226-B107-8F2B5AA5074A} = {02EA681E-C7D8-13C7-8484-4AC65E1B71E8}
		{0DF96B80-6859-410C-804A-86B0A6B6C09C} = {1FC7426E-E9F4-4300-AA6D-9C80309E9712}
		{E1A2E760-64AA-4840-B3D6-692C6E518A02} = {1FC7426E-E9F4-4300-AA6D-9C80309E9712}
		{D259A8EE-A971-4551-8AC6-144D76F97E41} = {86889585-DBD5-45B7-B55C-82DA9074D728}
		{BB9875E4-6BE0-46F8-9882-971C3CFAF42B} = {1FC7426E-E9F4-4300-AA6D-9C80309E9712}
	EndGlobalSection
	GlobalSection(ExtensibilityGlobals) = postSolution
		SolutionGuid = {A72C3BFB-4FEF-4DC6-B9E3-7DD0E0D9780D}
	EndGlobalSection
EndGlobal
